// !$*UTF8*$!
{
	archiveVersion = 1;
	classes = {
	};
	objectVersion = 56;
	objects = {

/* Begin PBXBuildFile section */
		CD66E7B52B9EE2E7000C0B15 /* QuadraticViewController.swift in Sources */ = {isa = PBXBuildFile; fileRef = CD66E7B42B9EE2E7000C0B15 /* QuadraticViewController.swift */; };
		CD66E7B72B9EE34F000C0B15 /* CanadaViewController.swift in Sources */ = {isa = PBXBuildFile; fileRef = CD66E7B62B9EE34F000C0B15 /* CanadaViewController.swift */; };
		CDB22BE42B9E858500C29C33 /* Lab2ViewController.swift in Sources */ = {isa = PBXBuildFile; fileRef = CDB22BE32B9E858500C29C33 /* Lab2ViewController.swift */; };
		CDB22BE62B9E859C00C29C33 /* Lab3ViewController.swift in Sources */ = {isa = PBXBuildFile; fileRef = CDB22BE52B9E859C00C29C33 /* Lab3ViewController.swift */; };
		CDB22BE82B9E85AF00C29C33 /* Lab4ViewController.swift in Sources */ = {isa = PBXBuildFile; fileRef = CDB22BE72B9E85AF00C29C33 /* Lab4ViewController.swift */; };
		CDCB27412B98F7E1005E3212 /* AppDelegate.swift in Sources */ = {isa = PBXBuildFile; fileRef = CDCB27402B98F7E1005E3212 /* AppDelegate.swift */; };
		CDCB27432B98F7E1005E3212 /* SceneDelegate.swift in Sources */ = {isa = PBXBuildFile; fileRef = CDCB27422B98F7E1005E3212 /* SceneDelegate.swift */; };
		CDCB27452B98F7E1005E3212 /* ViewController.swift in Sources */ = {isa = PBXBuildFile; fileRef = CDCB27442B98F7E1005E3212 /* ViewController.swift */; };
		CDCB27482B98F7E1005E3212 /* Main.storyboard in Resources */ = {isa = PBXBuildFile; fileRef = CDCB27462B98F7E1005E3212 /* Main.storyboard */; };
		CDCB274A2B98F7E1005E3212 /* Assets.xcassets in Resources */ = {isa = PBXBuildFile; fileRef = CDCB27492B98F7E1005E3212 /* Assets.xcassets */; };
		CDCB274D2B98F7E1005E3212 /* LaunchScreen.storyboard in Resources */ = {isa = PBXBuildFile; fileRef = CDCB274B2B98F7E1005E3212 /* LaunchScreen.storyboard */; };
/* End PBXBuildFile section */

/* Begin PBXFileReference section */
		CD66E7B42B9EE2E7000C0B15 /* QuadraticViewController.swift */ = {isa = PBXFileReference; lastKnownFileType = sourcecode.swift; path = QuadraticViewController.swift; sourceTree = "<group>"; };
		CD66E7B62B9EE34F000C0B15 /* CanadaViewController.swift */ = {isa = PBXFileReference; lastKnownFileType = sourcecode.swift; path = CanadaViewController.swift; sourceTree = "<group>"; };
		CDB22BE32B9E858500C29C33 /* Lab2ViewController.swift */ = {isa = PBXFileReference; lastKnownFileType = sourcecode.swift; path = Lab2ViewController.swift; sourceTree = "<group>"; };
		CDB22BE52B9E859C00C29C33 /* Lab3ViewController.swift */ = {isa = PBXFileReference; lastKnownFileType = sourcecode.swift; path = Lab3ViewController.swift; sourceTree = "<group>"; };
		CDB22BE72B9E85AF00C29C33 /* Lab4ViewController.swift */ = {isa = PBXFileReference; lastKnownFileType = sourcecode.swift; path = Lab4ViewController.swift; sourceTree = "<group>"; };
		CDCB273D2B98F7E1005E3212 /* chauhan_vishakha_MT_8980777.app */ = {isa = PBXFileReference; explicitFileType = wrapper.application; includeInIndex = 0; path = chauhan_vishakha_MT_8980777.app; sourceTree = BUILT_PRODUCTS_DIR; };
		CDCB27402B98F7E1005E3212 /* AppDelegate.swift */ = {isa = PBXFileReference; lastKnownFileType = sourcecode.swift; path = AppDelegate.swift; sourceTree = "<group>"; };
		CDCB27422B98F7E1005E3212 /* SceneDelegate.swift */ = {isa = PBXFileReference; lastKnownFileType = sourcecode.swift; path = SceneDelegate.swift; sourceTree = "<group>"; };
		CDCB27442B98F7E1005E3212 /* ViewController.swift */ = {isa = PBXFileReference; lastKnownFileType = sourcecode.swift; path = ViewController.swift; sourceTree = "<group>"; };
		CDCB27472B98F7E1005E3212 /* Base */ = {isa = PBXFileReference; lastKnownFileType = file.storyboard; name = Base; path = Base.lproj/Main.storyboard; sourceTree = "<group>"; };
		CDCB27492B98F7E1005E3212 /* Assets.xcassets */ = {isa = PBXFileReference; lastKnownFileType = folder.assetcatalog; path = Assets.xcassets; sourceTree = "<group>"; };
		CDCB274C2B98F7E1005E3212 /* Base */ = {isa = PBXFileReference; lastKnownFileType = file.storyboard; name = Base; path = Base.lproj/LaunchScreen.storyboard; sourceTree = "<group>"; };
		CDCB274E2B98F7E1005E3212 /* Info.plist */ = {isa = PBXFileReference; lastKnownFileType = text.plist.xml; path = Info.plist; sourceTree = "<group>"; };
/* End PBXFileReference section */

/* Begin PBXFrameworksBuildPhase section */
		CDCB273A2B98F7E1005E3212 /* Frameworks */ = {
			isa = PBXFrameworksBuildPhase;
			buildActionMask = 2147483647;
			files = (
			);
			runOnlyForDeploymentPostprocessing = 0;
		};
/* End PBXFrameworksBuildPhase section */

/* Begin PBXGroup section */
		CDCB27342B98F7E1005E3212 = {
			isa = PBXGroup;
			children = (
				CDCB273F2B98F7E1005E3212 /* chauhan_vishakha_MT_8980777 */,
				CDCB273E2B98F7E1005E3212 /* Products */,
			);
			sourceTree = "<group>";
		};
		CDCB273E2B98F7E1005E3212 /* Products */ = {
			isa = PBXGroup;
			children = (
				CDCB273D2B98F7E1005E3212 /* chauhan_vishakha_MT_8980777.app */,
			);
			name = Products;
			sourceTree = "<group>";
		};
		CDCB273F2B98F7E1005E3212 /* chauhan_vishakha_MT_8980777 */ = {
			isa = PBXGroup;
			children = (
				CDCB27402B98F7E1005E3212 /* AppDelegate.swift */,
				CDCB27422B98F7E1005E3212 /* SceneDelegate.swift */,
				CDCB27442B98F7E1005E3212 /* ViewController.swift */,
				CDCB27462B98F7E1005E3212 /* Main.storyboard */,
				CD66E7B62B9EE34F000C0B15 /* CanadaViewController.swift */,
				CD66E7B42B9EE2E7000C0B15 /* QuadraticViewController.swift */,
				CDB22BE32B9E858500C29C33 /* Lab2ViewController.swift */,
				CDB22BE52B9E859C00C29C33 /* Lab3ViewController.swift */,
				CDB22BE72B9E85AF00C29C33 /* Lab4ViewController.swift */,
				CDCB27492B98F7E1005E3212 /* Assets.xcassets */,
				CDCB274B2B98F7E1005E3212 /* LaunchScreen.storyboard */,
				CDCB274E2B98F7E1005E3212 /* Info.plist */,
			);
			path = chauhan_vishakha_MT_8980777;
			sourceTree = "<group>";
		};
/* End PBXGroup section */

/* Begin PBXNativeTarget section */
		CDCB273C2B98F7E1005E3212 /* chauhan_vishakha_MT_8980777 */ = {
			isa = PBXNativeTarget;
			buildConfigurationList = CDCB27512B98F7E1005E3212 /* Build configuration list for PBXNativeTarget "chauhan_vishakha_MT_8980777" */;
			buildPhases = (
				CDCB27392B98F7E1005E3212 /* Sources */,
				CDCB273A2B98F7E1005E3212 /* Frameworks */,
				CDCB273B2B98F7E1005E3212 /* Resources */,
			);
			buildRules = (
			);
			dependencies = (
			);
			name = chauhan_vishakha_MT_8980777;
			productName = chauhan_vishakha_MT_8980777;
			productReference = CDCB273D2B98F7E1005E3212 /* chauhan_vishakha_MT_8980777.app */;
			productType = "com.apple.product-type.application";
		};
/* End PBXNativeTarget section */

/* Begin PBXProject section */
		CDCB27352B98F7E1005E3212 /* Project object */ = {
			isa = PBXProject;
			attributes = {
				BuildIndependentTargetsInParallel = 1;
				LastSwiftUpdateCheck = 1420;
				LastUpgradeCheck = 1420;
				TargetAttributes = {
					CDCB273C2B98F7E1005E3212 = {
						CreatedOnToolsVersion = 14.2;
					};
				};
			};
			buildConfigurationList = CDCB27382B98F7E1005E3212 /* Build configuration list for PBXProject "chauhan_vishakha_MT_8980777" */;
			compatibilityVersion = "Xcode 14.0";
			developmentRegion = en;
			hasScannedForEncodings = 0;
			knownRegions = (
				en,
				Base,
			);
			mainGroup = CDCB27342B98F7E1005E3212;
			productRefGroup = CDCB273E2B98F7E1005E3212 /* Products */;
			projectDirPath = "";
			projectRoot = "";
			targets = (
				CDCB273C2B98F7E1005E3212 /* chauhan_vishakha_MT_8980777 */,
			);
		};
/* End PBXProject section */

/* Begin PBXResourcesBuildPhase section */
		CDCB273B2B98F7E1005E3212 /* Resources */ = {
			isa = PBXResourcesBuildPhase;
			buildActionMask = 2147483647;
			files = (
				CDCB274D2B98F7E1005E3212 /* LaunchScreen.storyboard in Resources */,
				CDCB274A2B98F7E1005E3212 /* Assets.xcassets in Resources */,
				CDCB27482B98F7E1005E3212 /* Main.storyboard in Resources */,
			);
			runOnlyForDeploymentPostprocessing = 0;
		};
/* End PBXResourcesBuildPhase section */

/* Begin PBXSourcesBuildPhase section */
		CDCB27392B98F7E1005E3212 /* Sources */ = {
			isa = PBXSourcesBuildPhase;
			buildActionMask = 2147483647;
			files = (
				CD66E7B52B9EE2E7000C0B15 /* QuadraticViewController.swift in Sources */,
				CDCB27452B98F7E1005E3212 /* ViewController.swift in Sources */,
				CDB22BE82B9E85AF00C29C33 /* Lab4ViewController.swift in Sources */,
				CDCB27412B98F7E1005E3212 /* AppDelegate.swift in Sources */,
				CD66E7B72B9EE34F000C0B15 /* CanadaViewController.swift in Sources */,
				CDCB27432B98F7E1005E3212 /* SceneDelegate.swift in Sources */,
				CDB22BE42B9E858500C29C33 /* Lab2ViewController.swift in Sources */,
				CDB22BE62B9E859C00C29C33 /* Lab3ViewController.swift in Sources */,
			);
			runOnlyForDeploymentPostprocessing = 0;
		};
/* End PBXSourcesBuildPhase section */

/* Begin PBXVariantGroup section */
		CDCB27462B98F7E1005E3212 /* Main.storyboard */ = {
			isa = PBXVariantGroup;
			children = (
				CDCB27472B98F7E1005E3212 /* Base */,
			);
			name = Main.storyboard;
			sourceTree = "<group>";
		};
		CDCB274B2B98F7E1005E3212 /* LaunchScreen.storyboard */ = {
			isa = PBXVariantGroup;
			children = (
				CDCB274C2B98F7E1005E3212 /* Base */,
			);
			name = LaunchScreen.storyboard;
			sourceTree = "<group>";
		};
/* End PBXVariantGroup section */

/* Begin XCBuildConfiguration section */
		CDCB274F2B98F7E1005E3212 /* Debug */ = {
			isa = XCBuildConfiguration;
			buildSettings = {
				ALWAYS_SEARCH_USER_PATHS = NO;
				CLANG_ANALYZER_NONNULL = YES;
				CLANG_ANALYZER_NUMBER_OBJECT_CONVERSION = YES_AGGRESSIVE;
				CLANG_CXX_LANGUAGE_STANDARD = "gnu++20";
				CLANG_ENABLE_MODULES = YES;
				CLANG_ENABLE_OBJC_ARC = YES;
				CLANG_ENABLE_OBJC_WEAK = YES;
				CLANG_WARN_BLOCK_CAPTURE_AUTORELEASING = YES;
				CLANG_WARN_BOOL_CONVERSION = YES;
				CLANG_WARN_COMMA = YES;
				CLANG_WARN_CONSTANT_CONVERSION = YES;
				CLANG_WARN_DEPRECATED_OBJC_IMPLEMENTATIONS = YES;
				CLANG_WARN_DIRECT_OBJC_ISA_USAGE = YES_ERROR;
				CLANG_WARN_DOCUMENTATION_COMMENTS = YES;
				CLANG_WARN_EMPTY_BODY = YES;
				CLANG_WARN_ENUM_CONVERSION = YES;
				CLANG_WARN_INFINITE_RECURSION = YES;
				CLANG_WARN_INT_CONVERSION = YES;
				CLANG_WARN_NON_LITERAL_NULL_CONVERSION = YES;
				CLANG_WARN_OBJC_IMPLICIT_RETAIN_SELF = YES;
				CLANG_WARN_OBJC_LITERAL_CONVERSION = YES;
				CLANG_WARN_OBJC_ROOT_CLASS = YES_ERROR;
				CLANG_WARN_QUOTED_INCLUDE_IN_FRAMEWORK_HEADER = YES;
				CLANG_WARN_RANGE_LOOP_ANALYSIS = YES;
				CLANG_WARN_STRICT_PROTOTYPES = YES;
				CLANG_WARN_SUSPICIOUS_MOVE = YES;
				CLANG_WARN_UNGUARDED_AVAILABILITY = YES_AGGRESSIVE;
				CLANG_WARN_UNREACHABLE_CODE = YES;
				CLANG_WARN__DUPLICATE_METHOD_MATCH = YES;
				COPY_PHASE_STRIP = NO;
				DEBUG_INFORMATION_FORMAT = dwarf;
				ENABLE_STRICT_OBJC_MSGSEND = YES;
				ENABLE_TESTABILITY = YES;
				GCC_C_LANGUAGE_STANDARD = gnu11;
				GCC_DYNAMIC_NO_PIC = NO;
				GCC_NO_COMMON_BLOCKS = YES;
				GCC_OPTIMIZATION_LEVEL = 0;
				GCC_PREPROCESSOR_DEFINITIONS = (
					"DEBUG=1",
					"$(inherited)",
				);
				GCC_WARN_64_TO_32_BIT_CONVERSION = YES;
				GCC_WARN_ABOUT_RETURN_TYPE = YES_ERROR;
				GCC_WARN_UNDECLARED_SELECTOR = YES;
				GCC_WARN_UNINITIALIZED_AUTOS = YES_AGGRESSIVE;
				GCC_WARN_UNUSED_FUNCTION = YES;
				GCC_WARN_UNUSED_VARIABLE = YES;
				IPHONEOS_DEPLOYMENT_TARGET = 16.2;
				MTL_ENABLE_DEBUG_INFO = INCLUDE_SOURCE;
				MTL_FAST_MATH = YES;
				ONLY_ACTIVE_ARCH = YES;
				SDKROOT = iphoneos;
				SWIFT_ACTIVE_COMPILATION_CONDITIONS = DEBUG;
				SWIFT_OPTIMIZATION_LEVEL = "-Onone";
			};
			name = Debug;
		};
		CDCB27502B98F7E1005E3212 /* Release */ = {
			isa = XCBuildConfiguration;
			buildSettings = {
				ALWAYS_SEARCH_USER_PATHS = NO;
				CLANG_ANALYZER_NONNULL = YES;
				CLANG_ANALYZER_NUMBER_OBJECT_CONVERSION = YES_AGGRESSIVE;
				CLANG_CXX_LANGUAGE_STANDARD = "gnu++20";
				CLANG_ENABLE_MODULES = YES;
				CLANG_ENABLE_OBJC_ARC = YES;
				CLANG_ENABLE_OBJC_WEAK = YES;
				CLANG_WARN_BLOCK_CAPTURE_AUTORELEASING = YES;
				CLANG_WARN_BOOL_CONVERSION = YES;
				CLANG_WARN_COMMA = YES;
				CLANG_WARN_CONSTANT_CONVERSION = YES;
				CLANG_WARN_DEPRECATED_OBJC_IMPLEMENTATIONS = YES;
				CLANG_WARN_DIRECT_OBJC_ISA_USAGE = YES_ERROR;
				CLANG_WARN_DOCUMENTATION_COMMENTS = YES;
				CLANG_WARN_EMPTY_BODY = YES;
				CLANG_WARN_ENUM_CONVERSION = YES;
				CLANG_WARN_INFINITE_RECURSION = YES;
				CLANG_WARN_INT_CONVERSION = YES;
				CLANG_WARN_NON_LITERAL_NULL_CONVERSION = YES;
				CLANG_WARN_OBJC_IMPLICIT_RETAIN_SELF = YES;
				CLANG_WARN_OBJC_LITERAL_CONVERSION = YES;
				CLANG_WARN_OBJC_ROOT_CLASS = YES_ERROR;
				CLANG_WARN_QUOTED_INCLUDE_IN_FRAMEWORK_HEADER = YES;
				CLANG_WARN_RANGE_LOOP_ANALYSIS = YES;
				CLANG_WARN_STRICT_PROTOTYPES = YES;
				CLANG_WARN_SUSPICIOUS_MOVE = YES;
				CLANG_WARN_UNGUARDED_AVAILABILITY = YES_AGGRESSIVE;
				CLANG_WARN_UNREACHABLE_CODE = YES;
				CLANG_WARN__DUPLICATE_METHOD_MATCH = YES;
				COPY_PHASE_STRIP = NO;
				DEBUG_INFORMATION_FORMAT = "dwarf-with-dsym";
				ENABLE_NS_ASSERTIONS = NO;
				ENABLE_STRICT_OBJC_MSGSEND = YES;
				GCC_C_LANGUAGE_STANDARD = gnu11;
				GCC_NO_COMMON_BLOCKS = YES;
				GCC_WARN_64_TO_32_BIT_CONVERSION = YES;
				GCC_WARN_ABOUT_RETURN_TYPE = YES_ERROR;
				GCC_WARN_UNDECLARED_SELECTOR = YES;
				GCC_WARN_UNINITIALIZED_AUTOS = YES_AGGRESSIVE;
				GCC_WARN_UNUSED_FUNCTION = YES;
				GCC_WARN_UNUSED_VARIABLE = YES;
				IPHONEOS_DEPLOYMENT_TARGET = 16.2;
				MTL_ENABLE_DEBUG_INFO = NO;
				MTL_FAST_MATH = YES;
				SDKROOT = iphoneos;
				SWIFT_COMPILATION_MODE = wholemodule;
				SWIFT_OPTIMIZATION_LEVEL = "-O";
				VALIDATE_PRODUCT = YES;
			};
			name = Release;
		};
		CDCB27522B98F7E1005E3212 /* Debug */ = {
			isa = XCBuildConfiguration;
			buildSettings = {
				ASSETCATALOG_COMPILER_APPICON_NAME = AppIcon;
				ASSETCATALOG_COMPILER_GLOBAL_ACCENT_COLOR_NAME = AccentColor;
				CODE_SIGN_STYLE = Automatic;
				CURRENT_PROJECT_VERSION = 1;
				GENERATE_INFOPLIST_FILE = YES;
				INFOPLIST_FILE = chauhan_vishakha_MT_8980777/Info.plist;
				INFOPLIST_KEY_UIApplicationSupportsIndirectInputEvents = YES;
				INFOPLIST_KEY_UILaunchStoryboardName = LaunchScreen;
				INFOPLIST_KEY_UIMainStoryboardFile = Main;
				INFOPLIST_KEY_UISupportedInterfaceOrientations_iPad = "UIInterfaceOrientationPortrait UIInterfaceOrientationPortraitUpsideDown UIInterfaceOrientationLandscapeLeft UIInterfaceOrientationLandscapeRight";
				INFOPLIST_KEY_UISupportedInterfaceOrientations_iPhone = "UIInterfaceOrientationPortrait UIInterfaceOrientationLandscapeLeft UIInterfaceOrientationLandscapeRight";
				LD_RUNPATH_SEARCH_PATHS = (
					"$(inherited)",
					"@executable_path/Frameworks",
				);
				MARKETING_VERSION = 1.0;
				PRODUCT_BUNDLE_IDENTIFIER = "com.app.chauhan-vishakha-MT-8980777";
				PRODUCT_NAME = "$(TARGET_NAME)";
				SWIFT_EMIT_LOC_STRINGS = YES;
				SWIFT_VERSION = 5.0;
				TARGETED_DEVICE_FAMILY = "1,2";
			};
			name = Debug;
		};
		CDCB27532B98F7E1005E3212 /* Release */ = {
			isa = XCBuildConfiguration;
			buildSettings = {
				ASSETCATALOG_COMPILER_APPICON_NAME = AppIcon;
				ASSETCATALOG_COMPILER_GLOBAL_ACCENT_COLOR_NAME = AccentColor;
				CODE_SIGN_STYLE = Automatic;
				CURRENT_PROJECT_VERSION = 1;
				GENERATE_INFOPLIST_FILE = YES;
				INFOPLIST_FILE = chauhan_vishakha_MT_8980777/Info.plist;
				INFOPLIST_KEY_UIApplicationSupportsIndirectInputEvents = YES;
				INFOPLIST_KEY_UILaunchStoryboardName = LaunchScreen;
				INFOPLIST_KEY_UIMainStoryboardFile = Main;
				INFOPLIST_KEY_UISupportedInterfaceOrientations_iPad = "UIInterfaceOrientationPortrait UIInterfaceOrientationPortraitUpsideDown UIInterfaceOrientationLandscapeLeft UIInterfaceOrientationLandscapeRight";
				INFOPLIST_KEY_UISupportedInterfaceOrientations_iPhone = "UIInterfaceOrientationPortrait UIInterfaceOrientationLandscapeLeft UIInterfaceOrientationLandscapeRight";
				LD_RUNPATH_SEARCH_PATHS = (
					"$(inherited)",
					"@executable_path/Frameworks",
				);
				MARKETING_VERSION = 1.0;
				PRODUCT_BUNDLE_IDENTIFIER = "com.app.chauhan-vishakha-MT-8980777";
				PRODUCT_NAME = "$(TARGET_NAME)";
				SWIFT_EMIT_LOC_STRINGS = YES;
				SWIFT_VERSION = 5.0;
				TARGETED_DEVICE_FAMILY = "1,2";
			};
			name = Release;
		};
/* End XCBuildConfiguration section */

/* Begin XCConfigurationList section */
		CDCB27382B98F7E1005E3212 /* Build configuration list for PBXProject "chauhan_vishakha_MT_8980777" */ = {
			isa = XCConfigurationList;
			buildConfigurations = (
				CDCB274F2B98F7E1005E3212 /* Debug */,
				CDCB27502B98F7E1005E3212 /* Release */,
			);
			defaultConfigurationIsVisible = 0;
			defaultConfigurationName = Release;
		};
		CDCB27512B98F7E1005E3212 /* Build configuration list for PBXNativeTarget "chauhan_vishakha_MT_8980777" */ = {
			isa = XCConfigurationList;
			buildConfigurations = (
				CDCB27522B98F7E1005E3212 /* Debug */,
				CDCB27532B98F7E1005E3212 /* Release */,
			);
			defaultConfigurationIsVisible = 0;
			defaultConfigurationName = Release;
		};
/* End XCConfigurationList section */
	};
	rootObject = CDCB27352B98F7E1005E3212 /* Project object */;
}
